# THIS IS AN AUTOGENERATED FILE. DO NOT EDIT THIS FILE DIRECTLY.
# yarn lockfile v1


bad-words@^3.0.1:
  version "3.0.1"
  resolved "https://registry.yarnpkg.com/bad-words/-/bad-words-3.0.1.tgz#f24070f4200c8ce58084c31c9f6e442168199990"
  dependencies:
    badwords-list "^1.0.0"

badwords-list@^1.0.0:
  version "1.0.0"
  resolved "https://registry.yarnpkg.com/badwords-list/-/badwords-list-1.0.0.tgz#5e9856dbf13482a295c3b0b304afb9d4cfc5c579"

node-fetch@^2.2.0:
  version "2.3.0"
  resolved "https://registry.yarnpkg.com/node-fetch/-/node-fetch-2.3.0.tgz#1a1d940bbfb916a1d3e0219f037e89e71f8c5fa5"
